// !$*UTF8*$!
{
	archiveVersion = 1;
	classes = {
	};
	objectVersion = 46;
	objects = {

/* Begin PBXBuildFile section */
		F8ABEA941E0308B10088C118 /* AppDelegate.swift in Sources */ = {isa = PBXBuildFile; fileRef = F8ABEA931E0308B10088C118 /* AppDelegate.swift */; };
		F8ABEA961E0308B10088C118 /* ViewController.swift in Sources */ = {isa = PBXBuildFile; fileRef = F8ABEA951E0308B10088C118 /* ViewController.swift */; };
		F8ABEA991E0308B10088C118 /* Main.storyboard in Resources */ = {isa = PBXBuildFile; fileRef = F8ABEA971E0308B10088C118 /* Main.storyboard */; };
		F8ABEA9B1E0308B10088C118 /* Assets.xcassets in Resources */ = {isa = PBXBuildFile; fileRef = F8ABEA9A1E0308B10088C118 /* Assets.xcassets */; };
		F8ABEA9E1E0308B10088C118 /* LaunchScreen.storyboard in Resources */ = {isa = PBXBuildFile; fileRef = F8ABEA9C1E0308B10088C118 /* LaunchScreen.storyboard */; };
		F8ABEAA91E0308B10088C118 /* ProbaIosBuildTests.swift in Sources */ = {isa = PBXBuildFile; fileRef = F8ABEAA81E0308B10088C118 /* ProbaIosBuildTests.swift */; };
		F8ABEAB41E0308B10088C118 /* ProbaIosBuildUITests.swift in Sources */ = {isa = PBXBuildFile; fileRef = F8ABEAB31E0308B10088C118 /* ProbaIosBuildUITests.swift */; };
/* End PBXBuildFile section */

/* Begin PBXContainerItemProxy section */
		F8ABEAA51E0308B10088C118 /* PBXContainerItemProxy */ = {
			isa = PBXContainerItemProxy;
			containerPortal = F8ABEA881E0308B10088C118 /* Project object */;
			proxyType = 1;
			remoteGlobalIDString = F8ABEA8F1E0308B10088C118;
			remoteInfo = ProbaIosBuild;
		};
		F8ABEAB01E0308B10088C118 /* PBXContainerItemProxy */ = {
			isa = PBXContainerItemProxy;
			containerPortal = F8ABEA881E0308B10088C118 /* Project object */;
			proxyType = 1;
			remoteGlobalIDString = F8ABEA8F1E0308B10088C118;
			remoteInfo = ProbaIosBuild;
		};
/* End PBXContainerItemProxy section */

/* Begin PBXFileReference section */
		F8ABEA901E0308B10088C118 /* ProbaIosBuild.app */ = {isa = PBXFileReference; explicitFileType = wrapper.application; includeInIndex = 0; path = ProbaIosBuild.app; sourceTree = BUILT_PRODUCTS_DIR; };
		F8ABEA931E0308B10088C118 /* AppDelegate.swift */ = {isa = PBXFileReference; lastKnownFileType = sourcecode.swift; path = AppDelegate.swift; sourceTree = "<group>"; };
		F8ABEA951E0308B10088C118 /* ViewController.swift */ = {isa = PBXFileReference; lastKnownFileType = sourcecode.swift; path = ViewController.swift; sourceTree = "<group>"; };
		F8ABEA981E0308B10088C118 /* Base */ = {isa = PBXFileReference; lastKnownFileType = file.storyboard; name = Base; path = Base.lproj/Main.storyboard; sourceTree = "<group>"; };
		F8ABEA9A1E0308B10088C118 /* Assets.xcassets */ = {isa = PBXFileReference; lastKnownFileType = folder.assetcatalog; path = Assets.xcassets; sourceTree = "<group>"; };
		F8ABEA9D1E0308B10088C118 /* Base */ = {isa = PBXFileReference; lastKnownFileType = file.storyboard; name = Base; path = Base.lproj/LaunchScreen.storyboard; sourceTree = "<group>"; };
		F8ABEA9F1E0308B10088C118 /* Info.plist */ = {isa = PBXFileReference; lastKnownFileType = text.plist.xml; path = Info.plist; sourceTree = "<group>"; };
		F8ABEAA41E0308B10088C118 /* ProbaIosBuildTests.xctest */ = {isa = PBXFileReference; explicitFileType = wrapper.cfbundle; includeInIndex = 0; path = ProbaIosBuildTests.xctest; sourceTree = BUILT_PRODUCTS_DIR; };
		F8ABEAA81E0308B10088C118 /* ProbaIosBuildTests.swift */ = {isa = PBXFileReference; lastKnownFileType = sourcecode.swift; path = ProbaIosBuildTests.swift; sourceTree = "<group>"; };
		F8ABEAAA1E0308B10088C118 /* Info.plist */ = {isa = PBXFileReference; lastKnownFileType = text.plist.xml; path = Info.plist; sourceTree = "<group>"; };
		F8ABEAAF1E0308B10088C118 /* ProbaIosBuildUITests.xctest */ = {isa = PBXFileReference; explicitFileType = wrapper.cfbundle; includeInIndex = 0; path = ProbaIosBuildUITests.xctest; sourceTree = BUILT_PRODUCTS_DIR; };
		F8ABEAB31E0308B10088C118 /* ProbaIosBuildUITests.swift */ = {isa = PBXFileReference; lastKnownFileType = sourcecode.swift; path = ProbaIosBuildUITests.swift; sourceTree = "<group>"; };
		F8ABEAB51E0308B10088C118 /* Info.plist */ = {isa = PBXFileReference; lastKnownFileType = text.plist.xml; path = Info.plist; sourceTree = "<group>"; };
/* End PBXFileReference section */

/* Begin PBXFrameworksBuildPhase section */
		F8ABEA8D1E0308B10088C118 /* Frameworks */ = {
			isa = PBXFrameworksBuildPhase;
			buildActionMask = 2147483647;
			files = (
			);
			runOnlyForDeploymentPostprocessing = 0;
		};
		F8ABEAA11E0308B10088C118 /* Frameworks */ = {
			isa = PBXFrameworksBuildPhase;
			buildActionMask = 2147483647;
			files = (
			);
			runOnlyForDeploymentPostprocessing = 0;
		};
		F8ABEAAC1E0308B10088C118 /* Frameworks */ = {
			isa = PBXFrameworksBuildPhase;
			buildActionMask = 2147483647;
			files = (
			);
			runOnlyForDeploymentPostprocessing = 0;
		};
/* End PBXFrameworksBuildPhase section */

/* Begin PBXGroup section */
		F8ABEA871E0308B10088C118 = {
			isa = PBXGroup;
			children = (
				F8ABEA921E0308B10088C118 /* ProbaIosBuild */,
				F8ABEAA71E0308B10088C118 /* ProbaIosBuildTests */,
				F8ABEAB21E0308B10088C118 /* ProbaIosBuildUITests */,
				F8ABEA911E0308B10088C118 /* Products */,
			);
			sourceTree = "<group>";
		};
		F8ABEA911E0308B10088C118 /* Products */ = {
			isa = PBXGroup;
			children = (
				F8ABEA901E0308B10088C118 /* ProbaIosBuild.app */,
				F8ABEAA41E0308B10088C118 /* ProbaIosBuildTests.xctest */,
				F8ABEAAF1E0308B10088C118 /* ProbaIosBuildUITests.xctest */,
			);
			name = Products;
			sourceTree = "<group>";
		};
		F8ABEA921E0308B10088C118 /* ProbaIosBuild */ = {
			isa = PBXGroup;
			children = (
				F8ABEA931E0308B10088C118 /* AppDelegate.swift */,
				F8ABEA951E0308B10088C118 /* ViewController.swift */,
				F8ABEA971E0308B10088C118 /* Main.storyboard */,
				F8ABEA9A1E0308B10088C118 /* Assets.xcassets */,
				F8ABEA9C1E0308B10088C118 /* LaunchScreen.storyboard */,
				F8ABEA9F1E0308B10088C118 /* Info.plist */,
			);
			path = ProbaIosBuild;
			sourceTree = "<group>";
		};
		F8ABEAA71E0308B10088C118 /* ProbaIosBuildTests */ = {
			isa = PBXGroup;
			children = (
				F8ABEAA81E0308B10088C118 /* ProbaIosBuildTests.swift */,
				F8ABEAAA1E0308B10088C118 /* Info.plist */,
			);
			path = ProbaIosBuildTests;
			sourceTree = "<group>";
		};
		F8ABEAB21E0308B10088C118 /* ProbaIosBuildUITests */ = {
			isa = PBXGroup;
			children = (
				F8ABEAB31E0308B10088C118 /* ProbaIosBuildUITests.swift */,
				F8ABEAB51E0308B10088C118 /* Info.plist */,
			);
			path = ProbaIosBuildUITests;
			sourceTree = "<group>";
		};
/* End PBXGroup section */

/* Begin PBXNativeTarget section */
		F8ABEA8F1E0308B10088C118 /* ProbaIosBuild */ = {
			isa = PBXNativeTarget;
			buildConfigurationList = F8ABEAB81E0308B10088C118 /* Build configuration list for PBXNativeTarget "ProbaIosBuild" */;
			buildPhases = (
				F8ABEA8C1E0308B10088C118 /* Sources */,
				F8ABEA8D1E0308B10088C118 /* Frameworks */,
				F8ABEA8E1E0308B10088C118 /* Resources */,
			);
			buildRules = (
			);
			dependencies = (
			);
			name = ProbaIosBuild;
			productName = ProbaIosBuild;
			productReference = F8ABEA901E0308B10088C118 /* ProbaIosBuild.app */;
			productType = "com.apple.product-type.application";
		};
		F8ABEAA31E0308B10088C118 /* ProbaIosBuildTests */ = {
			isa = PBXNativeTarget;
			buildConfigurationList = F8ABEABB1E0308B10088C118 /* Build configuration list for PBXNativeTarget "ProbaIosBuildTests" */;
			buildPhases = (
				F8ABEAA01E0308B10088C118 /* Sources */,
				F8ABEAA11E0308B10088C118 /* Frameworks */,
				F8ABEAA21E0308B10088C118 /* Resources */,
			);
			buildRules = (
			);
			dependencies = (
				F8ABEAA61E0308B10088C118 /* PBXTargetDependency */,
			);
			name = ProbaIosBuildTests;
			productName = ProbaIosBuildTests;
			productReference = F8ABEAA41E0308B10088C118 /* ProbaIosBuildTests.xctest */;
			productType = "com.apple.product-type.bundle.unit-test";
		};
		F8ABEAAE1E0308B10088C118 /* ProbaIosBuildUITests */ = {
			isa = PBXNativeTarget;
			buildConfigurationList = F8ABEABE1E0308B10088C118 /* Build configuration list for PBXNativeTarget "ProbaIosBuildUITests" */;
			buildPhases = (
				F8ABEAAB1E0308B10088C118 /* Sources */,
				F8ABEAAC1E0308B10088C118 /* Frameworks */,
				F8ABEAAD1E0308B10088C118 /* Resources */,
			);
			buildRules = (
			);
			dependencies = (
				F8ABEAB11E0308B10088C118 /* PBXTargetDependency */,
			);
			name = ProbaIosBuildUITests;
			productName = ProbaIosBuildUITests;
			productReference = F8ABEAAF1E0308B10088C118 /* ProbaIosBuildUITests.xctest */;
			productType = "com.apple.product-type.bundle.ui-testing";
		};
/* End PBXNativeTarget section */

/* Begin PBXProject section */
		F8ABEA881E0308B10088C118 /* Project object */ = {
			isa = PBXProject;
			attributes = {
				LastSwiftUpdateCheck = 0810;
				LastUpgradeCheck = 0810;
				ORGANIZATIONNAME = Akvelon;
				TargetAttributes = {
					F8ABEA8F1E0308B10088C118 = {
						CreatedOnToolsVersion = 8.1;
						DevelopmentTeam = YBD79QB897;
						ProvisioningStyle = Automatic;
					};
					F8ABEAA31E0308B10088C118 = {
						CreatedOnToolsVersion = 8.1;
						DevelopmentTeam = YBD79QB897;
						ProvisioningStyle = Automatic;
						TestTargetID = F8ABEA8F1E0308B10088C118;
					};
					F8ABEAAE1E0308B10088C118 = {
						CreatedOnToolsVersion = 8.1;
						DevelopmentTeam = YBD79QB897;
						ProvisioningStyle = Automatic;
						TestTargetID = F8ABEA8F1E0308B10088C118;
					};
				};
			};
			buildConfigurationList = F8ABEA8B1E0308B10088C118 /* Build configuration list for PBXProject "ProbaIosBuild" */;
			compatibilityVersion = "Xcode 3.2";
			developmentRegion = English;
			hasScannedForEncodings = 0;
			knownRegions = (
				en,
				Base,
			);
			mainGroup = F8ABEA871E0308B10088C118;
			productRefGroup = F8ABEA911E0308B10088C118 /* Products */;
			projectDirPath = "";
			projectRoot = "";
			targets = (
				F8ABEA8F1E0308B10088C118 /* ProbaIosBuild */,
				F8ABEAA31E0308B10088C118 /* ProbaIosBuildTests */,
				F8ABEAAE1E0308B10088C118 /* ProbaIosBuildUITests */,
			);
		};
/* End PBXProject section */

/* Begin PBXResourcesBuildPhase section */
		F8ABEA8E1E0308B10088C118 /* Resources */ = {
			isa = PBXResourcesBuildPhase;
			buildActionMask = 2147483647;
			files = (
				F8ABEA9E1E0308B10088C118 /* LaunchScreen.storyboard in Resources */,
				F8ABEA9B1E0308B10088C118 /* Assets.xcassets in Resources */,
				F8ABEA991E0308B10088C118 /* Main.storyboard in Resources */,
			);
			runOnlyForDeploymentPostprocessing = 0;
		};
		F8ABEAA21E0308B10088C118 /* Resources */ = {
			isa = PBXResourcesBuildPhase;
			buildActionMask = 2147483647;
			files = (
			);
			runOnlyForDeploymentPostprocessing = 0;
		};
		F8ABEAAD1E0308B10088C118 /* Resources */ = {
			isa = PBXResourcesBuildPhase;
			buildActionMask = 2147483647;
			files = (
			);
			runOnlyForDeploymentPostprocessing = 0;
		};
/* End PBXResourcesBuildPhase section */

/* Begin PBXSourcesBuildPhase section */
		F8ABEA8C1E0308B10088C118 /* Sources */ = {
			isa = PBXSourcesBuildPhase;
			buildActionMask = 2147483647;
			files = (
				F8ABEA961E0308B10088C118 /* ViewController.swift in Sources */,
				F8ABEA941E0308B10088C118 /* AppDelegate.swift in Sources */,
			);
			runOnlyForDeploymentPostprocessing = 0;
		};
		F8ABEAA01E0308B10088C118 /* Sources */ = {
			isa = PBXSourcesBuildPhase;
			buildActionMask = 2147483647;
			files = (
				F8ABEAA91E0308B10088C118 /* ProbaIosBuildTests.swift in Sources */,
			);
			runOnlyForDeploymentPostprocessing = 0;
		};
		F8ABEAAB1E0308B10088C118 /* Sources */ = {
			isa = PBXSourcesBuildPhase;
			buildActionMask = 2147483647;
			files = (
				F8ABEAB41E0308B10088C118 /* ProbaIosBuildUITests.swift in Sources */,
			);
			runOnlyForDeploymentPostprocessing = 0;
		};
/* End PBXSourcesBuildPhase section */

/* Begin PBXTargetDependency section */
		F8ABEAA61E0308B10088C118 /* PBXTargetDependency */ = {
			isa = PBXTargetDependency;
			target = F8ABEA8F1E0308B10088C118 /* ProbaIosBuild */;
			targetProxy = F8ABEAA51E0308B10088C118 /* PBXContainerItemProxy */;
		};
		F8ABEAB11E0308B10088C118 /* PBXTargetDependency */ = {
			isa = PBXTargetDependency;
			target = F8ABEA8F1E0308B10088C118 /* ProbaIosBuild */;
			targetProxy = F8ABEAB01E0308B10088C118 /* PBXContainerItemProxy */;
		};
/* End PBXTargetDependency section */

/* Begin PBXVariantGroup section */
		F8ABEA971E0308B10088C118 /* Main.storyboard */ = {
			isa = PBXVariantGroup;
			children = (
				F8ABEA981E0308B10088C118 /* Base */,
			);
			name = Main.storyboard;
			sourceTree = "<group>";
		};
		F8ABEA9C1E0308B10088C118 /* LaunchScreen.storyboard */ = {
			isa = PBXVariantGroup;
			children = (
				F8ABEA9D1E0308B10088C118 /* Base */,
			);
			name = LaunchScreen.storyboard;
			sourceTree = "<group>";
		};
/* End PBXVariantGroup section */

/* Begin XCBuildConfiguration section */
		F8ABEAB61E0308B10088C118 /* Debug */ = {
			isa = XCBuildConfiguration;
			buildSettings = {
				ALWAYS_SEARCH_USER_PATHS = NO;
				CLANG_ANALYZER_NONNULL = YES;
				CLANG_CXX_LANGUAGE_STANDARD = "gnu++0x";
				CLANG_CXX_LIBRARY = "libc++";
				CLANG_ENABLE_MODULES = YES;
				CLANG_ENABLE_OBJC_ARC = YES;
				CLANG_WARN_BOOL_CONVERSION = YES;
				CLANG_WARN_CONSTANT_CONVERSION = YES;
				CLANG_WARN_DIRECT_OBJC_ISA_USAGE = YES_ERROR;
				CLANG_WARN_DOCUMENTATION_COMMENTS = YES;
				CLANG_WARN_EMPTY_BODY = YES;
				CLANG_WARN_ENUM_CONVERSION = YES;
				CLANG_WARN_INFINITE_RECURSION = YES;
				CLANG_WARN_INT_CONVERSION = YES;
				CLANG_WARN_OBJC_ROOT_CLASS = YES_ERROR;
				CLANG_WARN_SUSPICIOUS_MOVES = YES;
				CLANG_WARN_UNREACHABLE_CODE = YES;
				CLANG_WARN__DUPLICATE_METHOD_MATCH = YES;
				"CODE_SIGN_IDENTITY[sdk=iphoneos*]" = "iPhone Developer";
				COPY_PHASE_STRIP = NO;
				DEBUG_INFORMATION_FORMAT = dwarf;
				ENABLE_STRICT_OBJC_MSGSEND = YES;
				ENABLE_TESTABILITY = YES;
				GCC_C_LANGUAGE_STANDARD = gnu99;
				GCC_DYNAMIC_NO_PIC = NO;
				GCC_NO_COMMON_BLOCKS = YES;
				GCC_OPTIMIZATION_LEVEL = 0;
				GCC_PREPROCESSOR_DEFINITIONS = (
					"DEBUG=1",
					"$(inherited)",
				);
				GCC_WARN_64_TO_32_BIT_CONVERSION = YES;
				GCC_WARN_ABOUT_RETURN_TYPE = YES_ERROR;
				GCC_WARN_UNDECLARED_SELECTOR = YES;
				GCC_WARN_UNINITIALIZED_AUTOS = YES_AGGRESSIVE;
				GCC_WARN_UNUSED_FUNCTION = YES;
				GCC_WARN_UNUSED_VARIABLE = YES;
				IPHONEOS_DEPLOYMENT_TARGET = 10.1;
				MTL_ENABLE_DEBUG_INFO = YES;
				ONLY_ACTIVE_ARCH = YES;
				SDKROOT = iphoneos;
				SWIFT_ACTIVE_COMPILATION_CONDITIONS = DEBUG;
				SWIFT_OPTIMIZATION_LEVEL = "-Onone";
				TARGETED_DEVICE_FAMILY = "1,2";
			};
			name = Debug;
		};
		F8ABEAB71E0308B10088C118 /* Release */ = {
			isa = XCBuildConfiguration;
			buildSettings = {
				ALWAYS_SEARCH_USER_PATHS = NO;
				CLANG_ANALYZER_NONNULL = YES;
				CLANG_CXX_LANGUAGE_STANDARD = "gnu++0x";
				CLANG_CXX_LIBRARY = "libc++";
				CLANG_ENABLE_MODULES = YES;
				CLANG_ENABLE_OBJC_ARC = YES;
				CLANG_WARN_BOOL_CONVERSION = YES;
				CLANG_WARN_CONSTANT_CONVERSION = YES;
				CLANG_WARN_DIRECT_OBJC_ISA_USAGE = YES_ERROR;
				CLANG_WARN_DOCUMENTATION_COMMENTS = YES;
				CLANG_WARN_EMPTY_BODY = YES;
				CLANG_WARN_ENUM_CONVERSION = YES;
				CLANG_WARN_INFINITE_RECURSION = YES;
				CLANG_WARN_INT_CONVERSION = YES;
				CLANG_WARN_OBJC_ROOT_CLASS = YES_ERROR;
				CLANG_WARN_SUSPICIOUS_MOVES = YES;
				CLANG_WARN_UNREACHABLE_CODE = YES;
				CLANG_WARN__DUPLICATE_METHOD_MATCH = YES;
				"CODE_SIGN_IDENTITY[sdk=iphoneos*]" = "iPhone Developer";
				COPY_PHASE_STRIP = NO;
				DEBUG_INFORMATION_FORMAT = "dwarf-with-dsym";
				ENABLE_NS_ASSERTIONS = NO;
				ENABLE_STRICT_OBJC_MSGSEND = YES;
				GCC_C_LANGUAGE_STANDARD = gnu99;
				GCC_NO_COMMON_BLOCKS = YES;
				GCC_WARN_64_TO_32_BIT_CONVERSION = YES;
				GCC_WARN_ABOUT_RETURN_TYPE = YES_ERROR;
				GCC_WARN_UNDECLARED_SELECTOR = YES;
				GCC_WARN_UNINITIALIZED_AUTOS = YES_AGGRESSIVE;
				GCC_WARN_UNUSED_FUNCTION = YES;
				GCC_WARN_UNUSED_VARIABLE = YES;
				IPHONEOS_DEPLOYMENT_TARGET = 10.1;
				MTL_ENABLE_DEBUG_INFO = NO;
				SDKROOT = iphoneos;
				SWIFT_OPTIMIZATION_LEVEL = "-Owholemodule";
				TARGETED_DEVICE_FAMILY = "1,2";
				VALIDATE_PRODUCT = YES;
			};
			name = Release;
		};
		F8ABEAB91E0308B10088C118 /* Debug */ = {
			isa = XCBuildConfiguration;
			buildSettings = {
				ASSETCATALOG_COMPILER_APPICON_NAME = AppIcon;
				DEVELOPMENT_TEAM = YBD79QB897;
				INFOPLIST_FILE = ProbaIosBuild/Info.plist;
				LD_RUNPATH_SEARCH_PATHS = "$(inherited) @executable_path/Frameworks";
				PRODUCT_BUNDLE_IDENTIFIER = com.Akvelon.ProbaIosBuild;
				PRODUCT_NAME = "$(TARGET_NAME)";
				SWIFT_VERSION = 3.0;
			};
			name = Debug;
		};
		F8ABEABA1E0308B10088C118 /* Release */ = {
			isa = XCBuildConfiguration;
			buildSettings = {
				ASSETCATALOG_COMPILER_APPICON_NAME = AppIcon;
				DEVELOPMENT_TEAM = YBD79QB897;
				INFOPLIST_FILE = ProbaIosBuild/Info.plist;
				LD_RUNPATH_SEARCH_PATHS = "$(inherited) @executable_path/Frameworks";
				PRODUCT_BUNDLE_IDENTIFIER = com.Akvelon.ProbaIosBuild;
				PRODUCT_NAME = "$(TARGET_NAME)";
				SWIFT_VERSION = 3.0;
			};
			name = Release;
		};
		F8ABEABC1E0308B10088C118 /* Debug */ = {
			isa = XCBuildConfiguration;
			buildSettings = {
				ALWAYS_EMBED_SWIFT_STANDARD_LIBRARIES = YES;
				BUNDLE_LOADER = "$(TEST_HOST)";
				DEVELOPMENT_TEAM = YBD79QB897;
				INFOPLIST_FILE = ProbaIosBuildTests/Info.plist;
				LD_RUNPATH_SEARCH_PATHS = "$(inherited) @executable_path/Frameworks @loader_path/Frameworks";
				PRODUCT_BUNDLE_IDENTIFIER = com.Akvelon.ProbaIosBuildTests;
				PRODUCT_NAME = "$(TARGET_NAME)";
				SWIFT_VERSION = 3.0;
				TEST_HOST = "$(BUILT_PRODUCTS_DIR)/ProbaIosBuild.app/ProbaIosBuild";
			};
			name = Debug;
		};
		F8ABEABD1E0308B10088C118 /* Release */ = {
			isa = XCBuildConfiguration;
			buildSettings = {
				ALWAYS_EMBED_SWIFT_STANDARD_LIBRARIES = YES;
				BUNDLE_LOADER = "$(TEST_HOST)";
				DEVELOPMENT_TEAM = YBD79QB897;
				INFOPLIST_FILE = ProbaIosBuildTests/Info.plist;
				LD_RUNPATH_SEARCH_PATHS = "$(inherited) @executable_path/Frameworks @loader_path/Frameworks";
				PRODUCT_BUNDLE_IDENTIFIER = com.Akvelon.ProbaIosBuildTests;
				PRODUCT_NAME = "$(TARGET_NAME)";
				SWIFT_VERSION = 3.0;
				TEST_HOST = "$(BUILT_PRODUCTS_DIR)/ProbaIosBuild.app/ProbaIosBuild";
			};
			name = Release;
		};
		F8ABEABF1E0308B10088C118 /* Debug */ = {
			isa = XCBuildConfiguration;
			buildSettings = {
				ALWAYS_EMBED_SWIFT_STANDARD_LIBRARIES = YES;
				DEVELOPMENT_TEAM = YBD79QB897;
				INFOPLIST_FILE = ProbaIosBuildUITests/Info.plist;
				LD_RUNPATH_SEARCH_PATHS = "$(inherited) @executable_path/Frameworks @loader_path/Frameworks";
				PRODUCT_BUNDLE_IDENTIFIER = com.Akvelon.ProbaIosBuildUITests;
				PRODUCT_NAME = "$(TARGET_NAME)";
				SWIFT_VERSION = 3.0;
				TEST_TARGET_NAME = ProbaIosBuild;
			};
			name = Debug;
		};
		F8ABEAC01E0308B10088C118 /* Release */ = {
			isa = XCBuildConfiguration;
			buildSettings = {
				ALWAYS_EMBED_SWIFT_STANDARD_LIBRARIES = YES;
				DEVELOPMENT_TEAM = YBD79QB897;
				INFOPLIST_FILE = ProbaIosBuildUITests/Info.plist;
				LD_RUNPATH_SEARCH_PATHS = "$(inherited) @executable_path/Frameworks @loader_path/Frameworks";
				PRODUCT_BUNDLE_IDENTIFIER = com.Akvelon.ProbaIosBuildUITests;
				PRODUCT_NAME = "$(TARGET_NAME)";
				SWIFT_VERSION = 3.0;
				TEST_TARGET_NAME = ProbaIosBuild;
			};
			name = Release;
		};
/* End XCBuildConfiguration section */

/* Begin XCConfigurationList section */
		F8ABEA8B1E0308B10088C118 /* Build configuration list for PBXProject "ProbaIosBuild" */ = {
			isa = XCConfigurationList;
			buildConfigurations = (
				F8ABEAB61E0308B10088C118 /* Debug */,
				F8ABEAB71E0308B10088C118 /* Release */,
			);
			defaultConfigurationIsVisible = 0;
			defaultConfigurationName = Release;
		};
		F8ABEAB81E0308B10088C118 /* Build configuration list for PBXNativeTarget "ProbaIosBuild" */ = {
			isa = XCConfigurationList;
			buildConfigurations = (
				F8ABEAB91E0308B10088C118 /* Debug */,
				F8ABEABA1E0308B10088C118 /* Release */,
			);
			defaultConfigurationIsVisible = 0;
		};
		F8ABEABB1E0308B10088C118 /* Build configuration list for PBXNativeTarget "ProbaIosBuildTests" */ = {
			isa = XCConfigurationList;
			buildConfigurations = (
				F8ABEABC1E0308B10088C118 /* Debug */,
				F8ABEABD1E0308B10088C118 /* Release */,
			);
			defaultConfigurationIsVisible = 0;
		};
		F8ABEABE1E0308B10088C118 /* Build configuration list for PBXNativeTarget "ProbaIosBuildUITests" */ = {
			isa = XCConfigurationList;
			buildConfigurations = (
				F8ABEABF1E0308B10088C118 /* Debug */,
				F8ABEAC01E0308B10088C118 /* Release */,
			);
			defaultConfigurationIsVisible = 0;
		};
/* End XCConfigurationList section */
	};
	rootObject = F8ABEA881E0308B10088C118 /* Project object */;
}
